
Microsoft Visual Studio Solution File, Format Version 12.00
# Visual Studio Version 16
VisualStudioVersion = 16.0.29318.209
MinimumVisualStudioVersion = 10.0.40219.1
Project("{8BC9CEB8-8B4A-11D0-8D11-00A0C91BC942}") = "testPROJ", "testPROJ.vcxproj", "{DACF06DF-91ED-4DEA-8A50-A957DE513B6F}"
EndProject
Global
	GlobalSection(SolutionConfigurationPlatforms) = preSolution
		Debug|x64 = Debug|x64
		Debug|x86 = Debug|x86
		Release|x64 = Release|x64
		Release|x86 = Release|x86
	EndGlobalSection
	GlobalSection(ProjectConfigurationPlatforms) = postSolution
		{DACF06DF-91ED-4DEA-8A50-A957DE513B6F}.Debug|x64.ActiveCfg = Debug|x64
		{DACF06DF-91ED-4DEA-8A50-A957DE513B6F}.Debug|x64.Build.0 = Debug|x64
		{DACF06DF-91ED-4DEA-8A50-A957DE513B6F}.Debug|x86.ActiveCfg = Debug|Win32
		{DACF06DF-91ED-4DEA-8A50-A957DE513B6F}.Debug|x86.Build.0 = Debug|Win32
		{DACF06DF-91ED-4DEA-8A50-A957DE513B6F}.Release|x64.ActiveCfg = Release|x64
		{DACF06DF-91ED-4DEA-8A50-A957DE513B6F}.Release|x64.Build.0 = Release|x64
		{DACF06DF-91ED-4DEA-8A50-A957DE513B6F}.Release|x86.ActiveCfg = Release|Win32
		{DACF06DF-91ED-4DEA-8A50-A957DE513B6F}.Release|x86.Build.0 = Release|Win32
	EndGlobalSection
	GlobalSection(SolutionProperties) = preSolution
		HideSolutionNode = FALSE
	EndGlobalSection
	GlobalSection(ExtensibilityGlobals) = postSolution
		SolutionGuid = {4E5F8E51-41D0-459C-B359-05DB8B28135A}
	EndGlobalSection
EndGlobal
